
Microsoft Visual Studio Solution File, Format Version 12.00
# Visual Studio Version 17
VisualStudioVersion = 17.0.31903.59
MinimumVisualStudioVersion = 10.0.40219.1
Project("{FAE04EC0-301F-11D3-BF4B-00C04F79EFBC}") = "smartoffice-web.WebApi", "smartoffice-web.WebApi\smartoffice-web.WebApi.csproj", "{D3BE3E8C-CAAF-4371-8D17-28A91FDD9B8A}"
EndProject
Project("{FAE04EC0-301F-11D3-BF4B-00C04F79EFBC}") = "smartoffice-web.Test", "smartoffice-web.Test\smartoffice-web.Test.csproj", "{B6BE0A63-0252-4BC3-99A8-AFEDBD7C68F2}"
EndProject
Global
	GlobalSection(SolutionConfigurationPlatforms) = preSolution
		Debug|Any CPU = Debug|Any CPU
		Debug|x64 = Debug|x64
		Release|Any CPU = Release|Any CPU
		Release|x64 = Release|x64
	EndGlobalSection
	GlobalSection(ProjectConfigurationPlatforms) = postSolution
		{D3BE3E8C-CAAF-4371-8D17-28A91FDD9B8A}.Debug|Any CPU.ActiveCfg = Debug|Any CPU
		{D3BE3E8C-CAAF-4371-8D17-28A91FDD9B8A}.Debug|Any CPU.Build.0 = Debug|Any CPU
		{D3BE3E8C-CAAF-4371-8D17-28A91FDD9B8A}.Debug|x64.ActiveCfg = Debug|x64
		{D3BE3E8C-CAAF-4371-8D17-28A91FDD9B8A}.Debug|x64.Build.0 = Debug|x64
		{D3BE3E8C-CAAF-4371-8D17-28A91FDD9B8A}.Release|Any CPU.ActiveCfg = Release|Any CPU
		{D3BE3E8C-CAAF-4371-8D17-28A91FDD9B8A}.Release|Any CPU.Build.0 = Release|Any CPU
		{D3BE3E8C-CAAF-4371-8D17-28A91FDD9B8A}.Release|x64.ActiveCfg = Release|x64
		{D3BE3E8C-CAAF-4371-8D17-28A91FDD9B8A}.Release|x64.Build.0 = Release|x64
		{B6BE0A63-0252-4BC3-99A8-AFEDBD7C68F2}.Debug|Any CPU.ActiveCfg = Debug|Any CPU
		{B6BE0A63-0252-4BC3-99A8-AFEDBD7C68F2}.Debug|Any CPU.Build.0 = Debug|Any CPU
		{B6BE0A63-0252-4BC3-99A8-AFEDBD7C68F2}.Debug|x64.ActiveCfg = Debug|Any CPU
		{B6BE0A63-0252-4BC3-99A8-AFEDBD7C68F2}.Debug|x64.Build.0 = Debug|Any CPU
		{B6BE0A63-0252-4BC3-99A8-AFEDBD7C68F2}.Release|Any CPU.ActiveCfg = Release|Any CPU
		{B6BE0A63-0252-4BC3-99A8-AFEDBD7C68F2}.Release|Any CPU.Build.0 = Release|Any CPU
		{B6BE0A63-0252-4BC3-99A8-AFEDBD7C68F2}.Release|x64.ActiveCfg = Release|Any CPU
		{B6BE0A63-0252-4BC3-99A8-AFEDBD7C68F2}.Release|x64.Build.0 = Release|Any CPU
	EndGlobalSection
	GlobalSection(SolutionProperties) = preSolution
		HideSolutionNode = FALSE
	EndGlobalSection
EndGlobal
